github.com/davecgh/go-spew v1.1.0/go.mod h1:J7Y8YcW2NihsgmVo/mv3lAwl/skON4iLHjSsI+c5H38=
github.com/davecgh/go-spew v1.1.1 h1:vj9j/u1bqnvCEfJOwUhtlOARqs3+rkHYY13jYWTU97c=
github.com/davecgh/go-spew v1.1.1/go.mod h1:J7Y8YcW2NihsgmVo/mv3lAwl/skON4iLHjSsI+c5H38=
github.com/gofrs/uuid v4.0.0+incompatible h1:1SD/1F5pU8p29ybwgQSwpQk+mwdRrXCYuPhW6m+TnJw=
github.com/gofrs/uuid v4.0.0+incompatible/go.mod h1:b2aQJv3Z4Fp6yNu3cdSllBxTCLRxnplIgP/c0N/04lM=
github.com/gomodule/redigo v1.8.4 h1:Z5JUg94HMTR1XpwBaSH4vq3+PNSIykBLxMdglbw10gg=
github.com/gomodule/redigo v1.8.4/go.mod h1:P9dn9mFrCBvWhGE1wpxx6fgq7BAeLBk+UUUzlpkBYO0=
github.com/googollee/go-socket.io v1.6.1 h1:qSaB0rqZOIbHLs94BkZ/Uwgd6+x/GzkdNtc2IEt8Psc=
github.com/googollee/go-socket.io v1.6.1/go.mod h1:0vGP8/dXR9SZUMMD4+xxaGo/lohOw3YWMh2WRiWeKxg=
github.com/gorilla/websocket v1.4.2 h1:+/TMaTYc4QFitKJxsQ7Yye35DkWvkdLcvGKqM+x0Ufc=
github.com/gorilla/websocket v1.4.2/go.mod h1:YR8l580nyteQvAITg2hZ9XVh4b55+EU/adAjf1fMHhE=
github.com/graarh/golang-socketio v0.0.0-20170510162725-2c44953b9b5f h1:utzdm9zUvVWGRtIpkdE4+36n+Gv60kNb7mFvgGxLElY=
github.com/graarh/golang-socketio v0.0.0-20170510162725-2c44953b9b5f/go.mod h1:8gudiNCFh3ZfvInknmoXzPeV17FSH+X2J5k2cUPIwnA=
github.com/hesh915/go-socket.io-client v0.0.0-20200925034401-83ee73793ba4 h1:5xWEa5+HZ8r7ltBYDGJ/GTuO8jSVz/ZfcgYKFQZu+KY=
github.com/hesh915/go-socket.io-client v0.0.0-20200925034401-83ee73793ba4/go.mod h1:r7ttGQIcnQqz839/rF5bwiQSgbIp92rH6i5IHHGOG5A=
github.com/pmezard/go-difflib v1.0.0 h1:4DBwDE0NGyQoBHbLQYPwSUPoCMWR5BEzIk/f1lZbAQM=
github.com/pmezard/go-difflib v1.0.0/go.mod h1:iKH77koFhYxTK1pcRnkKkqfTogsbg7gZNVY4sRDYZ/4=
github.com/stretchr/objx v0.1.0/go.mod h1:HFkY916IF+rwdDfMAkV7OtwuqBVzrE8GR6GFx+wExME=
github.com/stretchr/testify v1.5.1 h1:nOGnQDM7FYENwehXlg/kFVnos3rEvtKTjRvOWSzb6H4=
github.com/stretchr/testify v1.5.1/go.mod h1:5W2xD1RspED5o8YsWQXVCued0rvSQ+mT+I5cxcmMvtA=
github.com/zhouhui8915/engine.io-go v0.0.0-20150910083302-02ea08f0971f h1:tx1VqrLN1pol7xia95NVBbG09QHmMJjGvn67sR70qDA=
github.com/zhouhui8915/engine.io-go v0.0.0-20150910083302-02ea08f0971f/go.mod h1:9U9sAGG8VWujCrAnepe5aiOeqyEtBoKTcne9l0pztac=
gopkg.in/check.v1 v0.0.0-20161208181325-20d25e280405/go.mod h1:Co6ibVJAznAaIkqp8huTwlJQCZ016jof/cbN4VW5Yz0=
gopkg.in/yaml.v2 v2.2.2/go.mod h1:hI93XBmqTisBFMUTm0b8Fm+jr3Dg1NNxqwp+5A1VGuI=
gopkg.in/yaml.v2 v2.2.4 h1:/eiJrUcujPVeJ3xlSWaiNi3uSVmDGBK1pDHUHAnao1I=
gopkg.in/yaml.v2 v2.2.4/go.mod h1:hI93XBmqTisBFMUTm0b8Fm+jr3Dg1NNxqwp+5A1VGuI=
